
Microsoft Visual Studio Solution File, Format Version 12.00
# Visual Studio 14
VisualStudioVersion = 14.0.25420.1
MinimumVisualStudioVersion = 10.0.40219.1
Project("{FAE04EC0-301F-11D3-BF4B-00C04F79EFBC}") = "queuejoshua", "queuejoshua\queuejoshua.csproj", "{C0517B98-20EB-4F0A-8A61-14C849C322DA}"
EndProject
Global
	GlobalSection(SolutionConfigurationPlatforms) = preSolution
		Debug|Any CPU = Debug|Any CPU
		Release|Any CPU = Release|Any CPU
	EndGlobalSection
	GlobalSection(ProjectConfigurationPlatforms) = postSolution
		{C0517B98-20EB-4F0A-8A61-14C849C322DA}.Debug|Any CPU.ActiveCfg = Debug|Any CPU
		{C0517B98-20EB-4F0A-8A61-14C849C322DA}.Debug|Any CPU.Build.0 = Debug|Any CPU
		{C0517B98-20EB-4F0A-8A61-14C849C322DA}.Release|Any CPU.ActiveCfg = Release|Any CPU
		{C0517B98-20EB-4F0A-8A61-14C849C322DA}.Release|Any CPU.Build.0 = Release|Any CPU
	EndGlobalSection
	GlobalSection(SolutionProperties) = preSolution
		HideSolutionNode = FALSE
	EndGlobalSection
EndGlobal
